
Microsoft Visual Studio Solution File, Format Version 12.00
# Visual Studio Version 17
VisualStudioVersion = 17.0.31903.59
MinimumVisualStudioVersion = 10.0.40219.1
Project("{9A19103F-16F7-4668-BE54-9A1E7A4F7556}") = "AoC", "AoC\AoC.csproj", "{A6158D5D-9CBB-4BEF-A910-45A18B5E169F}"
EndProject
Project("{2150E333-8FDC-42A3-9474-1A3956D46DE8}") = "Solution Items", "Solution Items", "{0D3B7B43-19A4-4B8F-A5CB-48BCE3B05A4E}"
	ProjectSection(SolutionItems) = preProject
		.editorconfig = .editorconfig
		.gitignore = .gitignore
		build.cake = build.cake
		.github\workflows\CI-workflow.yml = .github\workflows\CI-workflow.yml
		Template\AoC\DayXXX\DayNNNSolver.cs = Template\AoC\DayXXX\DayNNNSolver.cs
		Template\AoC.Tests\DayXXX\DayNNNSolverTests.cs = Template\AoC.Tests\DayXXX\DayNNNSolverTests.cs
		.github\workflows\deployment-workflow.yml = .github\workflows\deployment-workflow.yml
		LICENSE = LICENSE
		README.md = README.md
	EndProjectSection
EndProject
Project("{9A19103F-16F7-4668-BE54-9A1E7A4F7556}") = "AoC.Tests", "AoC.Tests\AoC.Tests.csproj", "{FF4CD869-652B-4AEA-A72D-0ABD1933D186}"
EndProject
Project("{9A19103F-16F7-4668-BE54-9A1E7A4F7556}") = "AoC.WasmUI", "AoC.WasmUI\AoC.WasmUI.csproj", "{28D0DE15-BCD1-407C-97BA-A98C53526C22}"
EndProject
Project("{9A19103F-16F7-4668-BE54-9A1E7A4F7556}") = "AoC.CLI", "AoC.CLI\AoC.CLI.csproj", "{4BC3E0CA-95F8-4E5B-96E6-45129748F564}"
EndProject
Global
	GlobalSection(SolutionConfigurationPlatforms) = preSolution
		Debug|Any CPU = Debug|Any CPU
		Release|Any CPU = Release|Any CPU
	EndGlobalSection
	GlobalSection(ProjectConfigurationPlatforms) = postSolution
		{A6158D5D-9CBB-4BEF-A910-45A18B5E169F}.Debug|Any CPU.ActiveCfg = Debug|Any CPU
		{A6158D5D-9CBB-4BEF-A910-45A18B5E169F}.Debug|Any CPU.Build.0 = Debug|Any CPU
		{A6158D5D-9CBB-4BEF-A910-45A18B5E169F}.Release|Any CPU.ActiveCfg = Release|Any CPU
		{A6158D5D-9CBB-4BEF-A910-45A18B5E169F}.Release|Any CPU.Build.0 = Release|Any CPU
		{FF4CD869-652B-4AEA-A72D-0ABD1933D186}.Debug|Any CPU.ActiveCfg = Debug|Any CPU
		{FF4CD869-652B-4AEA-A72D-0ABD1933D186}.Debug|Any CPU.Build.0 = Debug|Any CPU
		{FF4CD869-652B-4AEA-A72D-0ABD1933D186}.Release|Any CPU.ActiveCfg = Release|Any CPU
		{FF4CD869-652B-4AEA-A72D-0ABD1933D186}.Release|Any CPU.Build.0 = Release|Any CPU
		{28D0DE15-BCD1-407C-97BA-A98C53526C22}.Debug|Any CPU.ActiveCfg = Debug|Any CPU
		{28D0DE15-BCD1-407C-97BA-A98C53526C22}.Debug|Any CPU.Build.0 = Debug|Any CPU
		{28D0DE15-BCD1-407C-97BA-A98C53526C22}.Release|Any CPU.ActiveCfg = Release|Any CPU
		{28D0DE15-BCD1-407C-97BA-A98C53526C22}.Release|Any CPU.Build.0 = Release|Any CPU
		{4BC3E0CA-95F8-4E5B-96E6-45129748F564}.Debug|Any CPU.ActiveCfg = Debug|Any CPU
		{4BC3E0CA-95F8-4E5B-96E6-45129748F564}.Debug|Any CPU.Build.0 = Debug|Any CPU
		{4BC3E0CA-95F8-4E5B-96E6-45129748F564}.Release|Any CPU.ActiveCfg = Release|Any CPU
		{4BC3E0CA-95F8-4E5B-96E6-45129748F564}.Release|Any CPU.Build.0 = Release|Any CPU
	EndGlobalSection
	GlobalSection(SolutionProperties) = preSolution
		HideSolutionNode = FALSE
	EndGlobalSection
	GlobalSection(ExtensibilityGlobals) = postSolution
		SolutionGuid = {80945557-CE71-46BF-A2B7-1B68A303E52E}
	EndGlobalSection
EndGlobal
